// !$*UTF8*$!
{
	archiveVersion = 1;
	classes = {
	};
	objectVersion = 56;
	objects = {

/* Begin PBXBuildFile section */
		C10E0FAC29B87EED00496938 /* KakaoSDKTalk in Frameworks */ = {isa = PBXBuildFile; productRef = C10E0FAB29B87EED00496938 /* KakaoSDKTalk */; };
		C1144173298107CD00B3ACB5 /* walking_projectApp.swift in Sources */ = {isa = PBXBuildFile; fileRef = C1144172298107CD00B3ACB5 /* walking_projectApp.swift */; };
		C1144175298107CD00B3ACB5 /* Main_Screen.swift in Sources */ = {isa = PBXBuildFile; fileRef = C1144174298107CD00B3ACB5 /* Main_Screen.swift */; };
		C1144177298107CF00B3ACB5 /* Assets.xcassets in Resources */ = {isa = PBXBuildFile; fileRef = C1144176298107CF00B3ACB5 /* Assets.xcassets */; };
		C114417A298107CF00B3ACB5 /* Preview Assets.xcassets in Resources */ = {isa = PBXBuildFile; fileRef = C1144179298107CF00B3ACB5 /* Preview Assets.xcassets */; };
		C114417C298107CF00B3ACB5 /* DataManager.swift in Sources */ = {isa = PBXBuildFile; fileRef = C114417B298107CF00B3ACB5 /* DataManager.swift */; };
		C114417F298107CF00B3ACB5 /* walking_project.xcdatamodeld in Sources */ = {isa = PBXBuildFile; fileRef = C114417D298107CF00B3ACB5 /* walking_project.xcdatamodeld */; };
		C1281FF029B1B76200CEC987 /* PathManager.swift in Sources */ = {isa = PBXBuildFile; fileRef = C1281FEF29B1B76200CEC987 /* PathManager.swift */; };
		C12D571229B871B200ADE5F9 /* KakaoSDK in Frameworks */ = {isa = PBXBuildFile; productRef = C12D571129B871B200ADE5F9 /* KakaoSDK */; };
		C12D571429B871B200ADE5F9 /* KakaoSDKAuth in Frameworks */ = {isa = PBXBuildFile; productRef = C12D571329B871B200ADE5F9 /* KakaoSDKAuth */; };
		C12D571629B871B200ADE5F9 /* KakaoSDKCommon in Frameworks */ = {isa = PBXBuildFile; productRef = C12D571529B871B200ADE5F9 /* KakaoSDKCommon */; };
		C12D571829B871B200ADE5F9 /* KakaoSDKUser in Frameworks */ = {isa = PBXBuildFile; productRef = C12D571729B871B200ADE5F9 /* KakaoSDKUser */; };
		C12D571B29B876C700ADE5F9 /* Launch_Screen.storyboard in Resources */ = {isa = PBXBuildFile; fileRef = C12D571A29B876C700ADE5F9 /* Launch_Screen.storyboard */; };
		C151936C29AC79100077DE0F /* User_Info_Screen.swift in Sources */ = {isa = PBXBuildFile; fileRef = C151936B29AC79100077DE0F /* User_Info_Screen.swift */; };
		C156898C29B01D2700A547B5 /* Welcome_Screen.swift in Sources */ = {isa = PBXBuildFile; fileRef = C156898B29B01D2700A547B5 /* Welcome_Screen.swift */; };
		C17BF92329A6144700EEFF97 /* Coupon_Page.swift in Sources */ = {isa = PBXBuildFile; fileRef = C17BF92229A6144700EEFF97 /* Coupon_Page.swift */; };
		C17BF92529A615CB00EEFF97 /* Home_Screen.swift in Sources */ = {isa = PBXBuildFile; fileRef = C17BF92429A615CB00EEFF97 /* Home_Screen.swift */; };
		C197725129B9D34F0016F8D2 /* KakaoTalk_20230309_170111877.jpg in Resources */ = {isa = PBXBuildFile; fileRef = C197724F29B9D34F0016F8D2 /* KakaoTalk_20230309_170111877.jpg */; };
		C197725229B9D34F0016F8D2 /* KakaoTalk_20230226_222948198.jpg in Resources */ = {isa = PBXBuildFile; fileRef = C197725029B9D34F0016F8D2 /* KakaoTalk_20230226_222948198.jpg */; };
		C1D09F1729BB29B700B52C08 /* Start_View.swift in Sources */ = {isa = PBXBuildFile; fileRef = C1D09F1629BB29B700B52C08 /* Start_View.swift */; };
/* End PBXBuildFile section */

/* Begin PBXFileReference section */
		C114416F298107CD00B3ACB5 /* walking-project.app */ = {isa = PBXFileReference; explicitFileType = wrapper.application; includeInIndex = 0; path = "walking-project.app"; sourceTree = BUILT_PRODUCTS_DIR; };
		C1144172298107CD00B3ACB5 /* walking_projectApp.swift */ = {isa = PBXFileReference; lastKnownFileType = sourcecode.swift; path = walking_projectApp.swift; sourceTree = "<group>"; };
		C1144174298107CD00B3ACB5 /* Main_Screen.swift */ = {isa = PBXFileReference; lastKnownFileType = sourcecode.swift; path = Main_Screen.swift; sourceTree = "<group>"; };
		C1144176298107CF00B3ACB5 /* Assets.xcassets */ = {isa = PBXFileReference; lastKnownFileType = folder.assetcatalog; path = Assets.xcassets; sourceTree = "<group>"; };
		C1144179298107CF00B3ACB5 /* Preview Assets.xcassets */ = {isa = PBXFileReference; lastKnownFileType = folder.assetcatalog; path = "Preview Assets.xcassets"; sourceTree = "<group>"; };
		C114417B298107CF00B3ACB5 /* DataManager.swift */ = {isa = PBXFileReference; lastKnownFileType = sourcecode.swift; path = DataManager.swift; sourceTree = "<group>"; };
		C114417E298107CF00B3ACB5 /* walking_project.xcdatamodel */ = {isa = PBXFileReference; lastKnownFileType = wrapper.xcdatamodel; path = walking_project.xcdatamodel; sourceTree = "<group>"; };
		C1281FEF29B1B76200CEC987 /* PathManager.swift */ = {isa = PBXFileReference; lastKnownFileType = sourcecode.swift; path = PathManager.swift; sourceTree = "<group>"; };
		C12D571929B8729200ADE5F9 /* Info.plist */ = {isa = PBXFileReference; lastKnownFileType = text.plist; path = Info.plist; sourceTree = "<group>"; };
		C12D571A29B876C700ADE5F9 /* Launch_Screen.storyboard */ = {isa = PBXFileReference; lastKnownFileType = file.storyboard; path = Launch_Screen.storyboard; sourceTree = "<group>"; };
		C151936629AC713A0077DE0F /* walking-project.entitlements */ = {isa = PBXFileReference; lastKnownFileType = text.plist.entitlements; path = "walking-project.entitlements"; sourceTree = "<group>"; };
		C151936B29AC79100077DE0F /* User_Info_Screen.swift */ = {isa = PBXFileReference; lastKnownFileType = sourcecode.swift; path = User_Info_Screen.swift; sourceTree = "<group>"; };
		C156898B29B01D2700A547B5 /* Welcome_Screen.swift */ = {isa = PBXFileReference; lastKnownFileType = sourcecode.swift; path = Welcome_Screen.swift; sourceTree = "<group>"; };
		C17BF92229A6144700EEFF97 /* Coupon_Page.swift */ = {isa = PBXFileReference; lastKnownFileType = sourcecode.swift; path = Coupon_Page.swift; sourceTree = "<group>"; };
		C17BF92429A615CB00EEFF97 /* Home_Screen.swift */ = {isa = PBXFileReference; lastKnownFileType = sourcecode.swift; path = Home_Screen.swift; sourceTree = "<group>"; };
		C197724F29B9D34F0016F8D2 /* KakaoTalk_20230309_170111877.jpg */ = {isa = PBXFileReference; lastKnownFileType = image.jpeg; path = KakaoTalk_20230309_170111877.jpg; sourceTree = "<group>"; };
		C197725029B9D34F0016F8D2 /* KakaoTalk_20230226_222948198.jpg */ = {isa = PBXFileReference; lastKnownFileType = image.jpeg; path = KakaoTalk_20230226_222948198.jpg; sourceTree = "<group>"; };
		C1D09F1629BB29B700B52C08 /* Start_View.swift */ = {isa = PBXFileReference; lastKnownFileType = sourcecode.swift; path = Start_View.swift; sourceTree = "<group>"; };
/* End PBXFileReference section */

/* Begin PBXFrameworksBuildPhase section */
		C114416C298107CD00B3ACB5 /* Frameworks */ = {
			isa = PBXFrameworksBuildPhase;
			buildActionMask = 2147483647;
			files = (
				C12D571829B871B200ADE5F9 /* KakaoSDKUser in Frameworks */,
				C12D571229B871B200ADE5F9 /* KakaoSDK in Frameworks */,
				C10E0FAC29B87EED00496938 /* KakaoSDKTalk in Frameworks */,
				C12D571629B871B200ADE5F9 /* KakaoSDKCommon in Frameworks */,
				C12D571429B871B200ADE5F9 /* KakaoSDKAuth in Frameworks */,
			);
			runOnlyForDeploymentPostprocessing = 0;
		};
/* End PBXFrameworksBuildPhase section */

/* Begin PBXGroup section */
		C10E0FAA29B87EED00496938 /* Frameworks */ = {
			isa = PBXGroup;
			children = (
			);
			name = Frameworks;
			sourceTree = "<group>";
		};
		C1144166298107CD00B3ACB5 = {
			isa = PBXGroup;
			children = (
				C1144171298107CD00B3ACB5 /* walking-project */,
				C1144170298107CD00B3ACB5 /* Products */,
				C10E0FAA29B87EED00496938 /* Frameworks */,
			);
			sourceTree = "<group>";
		};
		C1144170298107CD00B3ACB5 /* Products */ = {
			isa = PBXGroup;
			children = (
				C114416F298107CD00B3ACB5 /* walking-project.app */,
			);
			name = Products;
			sourceTree = "<group>";
		};
		C1144171298107CD00B3ACB5 /* walking-project */ = {
			isa = PBXGroup;
			children = (
				C12D571929B8729200ADE5F9 /* Info.plist */,
				C151936629AC713A0077DE0F /* walking-project.entitlements */,
				C1144172298107CD00B3ACB5 /* walking_projectApp.swift */,
				C156898D29B023DB00A547B5 /* UI */,
				C156898E29B0241F00A547B5 /* Data */,
				C1281FEE29B1B72000CEC987 /* PathManager */,
				C1144176298107CF00B3ACB5 /* Assets.xcassets */,
				C114417D298107CF00B3ACB5 /* walking_project.xcdatamodeld */,
				C1144178298107CF00B3ACB5 /* Preview Content */,
			);
			path = "walking-project";
			sourceTree = "<group>";
		};
		C1144178298107CF00B3ACB5 /* Preview Content */ = {
			isa = PBXGroup;
			children = (
				C197725029B9D34F0016F8D2 /* KakaoTalk_20230226_222948198.jpg */,
				C197724F29B9D34F0016F8D2 /* KakaoTalk_20230309_170111877.jpg */,
				C1144179298107CF00B3ACB5 /* Preview Assets.xcassets */,
			);
			path = "Preview Content";
			sourceTree = "<group>";
		};
		C1281FEE29B1B72000CEC987 /* PathManager */ = {
			isa = PBXGroup;
			children = (
				C1281FEF29B1B76200CEC987 /* PathManager.swift */,
			);
			path = PathManager;
			sourceTree = "<group>";
		};
		C156898D29B023DB00A547B5 /* UI */ = {
			isa = PBXGroup;
			children = (
				C1D09F1629BB29B700B52C08 /* Start_View.swift */,
				C17BF92429A615CB00EEFF97 /* Home_Screen.swift */,
				C1144174298107CD00B3ACB5 /* Main_Screen.swift */,
				C151936B29AC79100077DE0F /* User_Info_Screen.swift */,
				C156898B29B01D2700A547B5 /* Welcome_Screen.swift */,
				C17BF92229A6144700EEFF97 /* Coupon_Page.swift */,
				C12D571A29B876C700ADE5F9 /* Launch_Screen.storyboard */,
			);
			path = UI;
			sourceTree = "<group>";
		};
		C156898E29B0241F00A547B5 /* Data */ = {
			isa = PBXGroup;
			children = (
				C114417B298107CF00B3ACB5 /* DataManager.swift */,
			);
			path = Data;
			sourceTree = "<group>";
		};
/* End PBXGroup section */

/* Begin PBXNativeTarget section */
		C114416E298107CD00B3ACB5 /* walking-project */ = {
			isa = PBXNativeTarget;
			buildConfigurationList = C1144182298107CF00B3ACB5 /* Build configuration list for PBXNativeTarget "walking-project" */;
			buildPhases = (
				C114416B298107CD00B3ACB5 /* Sources */,
				C114416C298107CD00B3ACB5 /* Frameworks */,
				C114416D298107CD00B3ACB5 /* Resources */,
			);
			buildRules = (
			);
			dependencies = (
			);
			name = "walking-project";
			packageProductDependencies = (
				C12D571129B871B200ADE5F9 /* KakaoSDK */,
				C12D571329B871B200ADE5F9 /* KakaoSDKAuth */,
				C12D571529B871B200ADE5F9 /* KakaoSDKCommon */,
				C12D571729B871B200ADE5F9 /* KakaoSDKUser */,
				C10E0FAB29B87EED00496938 /* KakaoSDKTalk */,
			);
			productName = "walking-project";
			productReference = C114416F298107CD00B3ACB5 /* walking-project.app */;
			productType = "com.apple.product-type.application";
		};
/* End PBXNativeTarget section */

/* Begin PBXProject section */
		C1144167298107CD00B3ACB5 /* Project object */ = {
			isa = PBXProject;
			attributes = {
				BuildIndependentTargetsInParallel = 1;
				LastSwiftUpdateCheck = 1420;
				LastUpgradeCheck = 1420;
				TargetAttributes = {
					C114416E298107CD00B3ACB5 = {
						CreatedOnToolsVersion = 14.2;
					};
				};
			};
			buildConfigurationList = C114416A298107CD00B3ACB5 /* Build configuration list for PBXProject "walking-project" */;
			compatibilityVersion = "Xcode 14.0";
			developmentRegion = en;
			hasScannedForEncodings = 0;
			knownRegions = (
				en,
				Base,
			);
			mainGroup = C1144166298107CD00B3ACB5;
			packageReferences = (
				C12D571029B871B200ADE5F9 /* XCRemoteSwiftPackageReference "kakao-ios-sdk" */,
			);
			productRefGroup = C1144170298107CD00B3ACB5 /* Products */;
			projectDirPath = "";
			projectRoot = "";
			targets = (
				C114416E298107CD00B3ACB5 /* walking-project */,
			);
		};
/* End PBXProject section */

/* Begin PBXResourcesBuildPhase section */
		C114416D298107CD00B3ACB5 /* Resources */ = {
			isa = PBXResourcesBuildPhase;
			buildActionMask = 2147483647;
			files = (
				C197725129B9D34F0016F8D2 /* KakaoTalk_20230309_170111877.jpg in Resources */,
				C114417A298107CF00B3ACB5 /* Preview Assets.xcassets in Resources */,
				C197725229B9D34F0016F8D2 /* KakaoTalk_20230226_222948198.jpg in Resources */,
				C12D571B29B876C700ADE5F9 /* Launch_Screen.storyboard in Resources */,
				C1144177298107CF00B3ACB5 /* Assets.xcassets in Resources */,
			);
			runOnlyForDeploymentPostprocessing = 0;
		};
/* End PBXResourcesBuildPhase section */

/* Begin PBXSourcesBuildPhase section */
		C114416B298107CD00B3ACB5 /* Sources */ = {
			isa = PBXSourcesBuildPhase;
			buildActionMask = 2147483647;
			files = (
				C114417C298107CF00B3ACB5 /* DataManager.swift in Sources */,
				C17BF92529A615CB00EEFF97 /* Home_Screen.swift in Sources */,
				C156898C29B01D2700A547B5 /* Welcome_Screen.swift in Sources */,
				C1144175298107CD00B3ACB5 /* Main_Screen.swift in Sources */,
				C151936C29AC79100077DE0F /* User_Info_Screen.swift in Sources */,
				C17BF92329A6144700EEFF97 /* Coupon_Page.swift in Sources */,
				C1D09F1729BB29B700B52C08 /* Start_View.swift in Sources */,
				C1144173298107CD00B3ACB5 /* walking_projectApp.swift in Sources */,
				C1281FF029B1B76200CEC987 /* PathManager.swift in Sources */,
				C114417F298107CF00B3ACB5 /* walking_project.xcdatamodeld in Sources */,
			);
			runOnlyForDeploymentPostprocessing = 0;
		};
/* End PBXSourcesBuildPhase section */

/* Begin XCBuildConfiguration section */
		C1144180298107CF00B3ACB5 /* Debug */ = {
			isa = XCBuildConfiguration;
			buildSettings = {
				ALWAYS_SEARCH_USER_PATHS = NO;
				CLANG_ANALYZER_NONNULL = YES;
				CLANG_ANALYZER_NUMBER_OBJECT_CONVERSION = YES_AGGRESSIVE;
				CLANG_CXX_LANGUAGE_STANDARD = "gnu++20";
				CLANG_ENABLE_MODULES = YES;
				CLANG_ENABLE_OBJC_ARC = YES;
				CLANG_ENABLE_OBJC_WEAK = YES;
				CLANG_WARN_BLOCK_CAPTURE_AUTORELEASING = YES;
				CLANG_WARN_BOOL_CONVERSION = YES;
				CLANG_WARN_COMMA = YES;
				CLANG_WARN_CONSTANT_CONVERSION = YES;
				CLANG_WARN_DEPRECATED_OBJC_IMPLEMENTATIONS = YES;
				CLANG_WARN_DIRECT_OBJC_ISA_USAGE = YES_ERROR;
				CLANG_WARN_DOCUMENTATION_COMMENTS = YES;
				CLANG_WARN_EMPTY_BODY = YES;
				CLANG_WARN_ENUM_CONVERSION = YES;
				CLANG_WARN_INFINITE_RECURSION = YES;
				CLANG_WARN_INT_CONVERSION = YES;
				CLANG_WARN_NON_LITERAL_NULL_CONVERSION = YES;
				CLANG_WARN_OBJC_IMPLICIT_RETAIN_SELF = YES;
				CLANG_WARN_OBJC_LITERAL_CONVERSION = YES;
				CLANG_WARN_OBJC_ROOT_CLASS = YES_ERROR;
				CLANG_WARN_QUOTED_INCLUDE_IN_FRAMEWORK_HEADER = YES;
				CLANG_WARN_RANGE_LOOP_ANALYSIS = YES;
				CLANG_WARN_STRICT_PROTOTYPES = YES;
				CLANG_WARN_SUSPICIOUS_MOVE = YES;
				CLANG_WARN_UNGUARDED_AVAILABILITY = YES_AGGRESSIVE;
				CLANG_WARN_UNREACHABLE_CODE = YES;
				CLANG_WARN__DUPLICATE_METHOD_MATCH = YES;
				COPY_PHASE_STRIP = NO;
				DEBUG_INFORMATION_FORMAT = dwarf;
				ENABLE_STRICT_OBJC_MSGSEND = YES;
				ENABLE_TESTABILITY = YES;
				GCC_C_LANGUAGE_STANDARD = gnu11;
				GCC_DYNAMIC_NO_PIC = NO;
				GCC_NO_COMMON_BLOCKS = YES;
				GCC_OPTIMIZATION_LEVEL = 0;
				GCC_PREPROCESSOR_DEFINITIONS = (
					"DEBUG=1",
					"$(inherited)",
				);
				GCC_WARN_64_TO_32_BIT_CONVERSION = YES;
				GCC_WARN_ABOUT_RETURN_TYPE = YES_ERROR;
				GCC_WARN_UNDECLARED_SELECTOR = YES;
				GCC_WARN_UNINITIALIZED_AUTOS = YES_AGGRESSIVE;
				GCC_WARN_UNUSED_FUNCTION = YES;
				GCC_WARN_UNUSED_VARIABLE = YES;
				IPHONEOS_DEPLOYMENT_TARGET = 16.2;
				MTL_ENABLE_DEBUG_INFO = INCLUDE_SOURCE;
				MTL_FAST_MATH = YES;
				ONLY_ACTIVE_ARCH = YES;
				SDKROOT = iphoneos;
				SWIFT_ACTIVE_COMPILATION_CONDITIONS = DEBUG;
				SWIFT_OPTIMIZATION_LEVEL = "-Onone";
			};
			name = Debug;
		};
		C1144181298107CF00B3ACB5 /* Release */ = {
			isa = XCBuildConfiguration;
			buildSettings = {
				ALWAYS_SEARCH_USER_PATHS = NO;
				CLANG_ANALYZER_NONNULL = YES;
				CLANG_ANALYZER_NUMBER_OBJECT_CONVERSION = YES_AGGRESSIVE;
				CLANG_CXX_LANGUAGE_STANDARD = "gnu++20";
				CLANG_ENABLE_MODULES = YES;
				CLANG_ENABLE_OBJC_ARC = YES;
				CLANG_ENABLE_OBJC_WEAK = YES;
				CLANG_WARN_BLOCK_CAPTURE_AUTORELEASING = YES;
				CLANG_WARN_BOOL_CONVERSION = YES;
				CLANG_WARN_COMMA = YES;
				CLANG_WARN_CONSTANT_CONVERSION = YES;
				CLANG_WARN_DEPRECATED_OBJC_IMPLEMENTATIONS = YES;
				CLANG_WARN_DIRECT_OBJC_ISA_USAGE = YES_ERROR;
				CLANG_WARN_DOCUMENTATION_COMMENTS = YES;
				CLANG_WARN_EMPTY_BODY = YES;
				CLANG_WARN_ENUM_CONVERSION = YES;
				CLANG_WARN_INFINITE_RECURSION = YES;
				CLANG_WARN_INT_CONVERSION = YES;
				CLANG_WARN_NON_LITERAL_NULL_CONVERSION = YES;
				CLANG_WARN_OBJC_IMPLICIT_RETAIN_SELF = YES;
				CLANG_WARN_OBJC_LITERAL_CONVERSION = YES;
				CLANG_WARN_OBJC_ROOT_CLASS = YES_ERROR;
				CLANG_WARN_QUOTED_INCLUDE_IN_FRAMEWORK_HEADER = YES;
				CLANG_WARN_RANGE_LOOP_ANALYSIS = YES;
				CLANG_WARN_STRICT_PROTOTYPES = YES;
				CLANG_WARN_SUSPICIOUS_MOVE = YES;
				CLANG_WARN_UNGUARDED_AVAILABILITY = YES_AGGRESSIVE;
				CLANG_WARN_UNREACHABLE_CODE = YES;
				CLANG_WARN__DUPLICATE_METHOD_MATCH = YES;
				COPY_PHASE_STRIP = NO;
				DEBUG_INFORMATION_FORMAT = "dwarf-with-dsym";
				ENABLE_NS_ASSERTIONS = NO;
				ENABLE_STRICT_OBJC_MSGSEND = YES;
				GCC_C_LANGUAGE_STANDARD = gnu11;
				GCC_NO_COMMON_BLOCKS = YES;
				GCC_WARN_64_TO_32_BIT_CONVERSION = YES;
				GCC_WARN_ABOUT_RETURN_TYPE = YES_ERROR;
				GCC_WARN_UNDECLARED_SELECTOR = YES;
				GCC_WARN_UNINITIALIZED_AUTOS = YES_AGGRESSIVE;
				GCC_WARN_UNUSED_FUNCTION = YES;
				GCC_WARN_UNUSED_VARIABLE = YES;
				IPHONEOS_DEPLOYMENT_TARGET = 16.2;
				MTL_ENABLE_DEBUG_INFO = NO;
				MTL_FAST_MATH = YES;
				SDKROOT = iphoneos;
				SWIFT_COMPILATION_MODE = wholemodule;
				SWIFT_OPTIMIZATION_LEVEL = "-O";
				VALIDATE_PRODUCT = YES;
			};
			name = Release;
		};
		C1144183298107CF00B3ACB5 /* Debug */ = {
			isa = XCBuildConfiguration;
			buildSettings = {
				ASSETCATALOG_COMPILER_APPICON_NAME = AppIcon;
				ASSETCATALOG_COMPILER_GLOBAL_ACCENT_COLOR_NAME = AccentColor;
				CODE_SIGN_ENTITLEMENTS = "walking-project/walking-project.entitlements";
				CODE_SIGN_STYLE = Automatic;
				CURRENT_PROJECT_VERSION = 1;
				DEVELOPMENT_ASSET_PATHS = "\"walking-project/Preview Content\"";
				DEVELOPMENT_TEAM = 9K9P37S856;
				ENABLE_PREVIEWS = YES;
				GENERATE_INFOPLIST_FILE = YES;
				INFOPLIST_FILE = "walking-project/Info.plist";
				INFOPLIST_KEY_NSHealthShareUsageDescription = "걸음수 데이터 측정을 의해 데이터 접근 권한이 필요합니다.";
				INFOPLIST_KEY_NSHealthUpdateUsageDescription = "걸음수 데이터 측정을 의해 데이터 접근 권한이 필요합니다.";
				INFOPLIST_KEY_UIApplicationSceneManifest_Generation = YES;
				INFOPLIST_KEY_UIApplicationSupportsIndirectInputEvents = YES;
				INFOPLIST_KEY_UILaunchScreen_Generation = YES;
				INFOPLIST_KEY_UILaunchStoryboardName = Launch_Screen.storyboard;
				INFOPLIST_KEY_UIRequiresFullScreen = YES;
				INFOPLIST_KEY_UISupportedInterfaceOrientations = UIInterfaceOrientationPortrait;
				LD_RUNPATH_SEARCH_PATHS = (
					"$(inherited)",
					"@executable_path/Frameworks",
				);
				MARKETING_VERSION = 1.0;
				PRODUCT_BUNDLE_IDENTIFIER = "com.joonoon.walking-project";
				PRODUCT_NAME = "$(TARGET_NAME)";
				SWIFT_EMIT_LOC_STRINGS = YES;
				SWIFT_VERSION = 5.0;
				TARGETED_DEVICE_FAMILY = "1,2";
			};
			name = Debug;
		};
		C1144184298107CF00B3ACB5 /* Release */ = {
			isa = XCBuildConfiguration;
			buildSettings = {
				ASSETCATALOG_COMPILER_APPICON_NAME = AppIcon;
				ASSETCATALOG_COMPILER_GLOBAL_ACCENT_COLOR_NAME = AccentColor;
				CODE_SIGN_ENTITLEMENTS = "walking-project/walking-project.entitlements";
				CODE_SIGN_STYLE = Automatic;
				CURRENT_PROJECT_VERSION = 1;
				DEVELOPMENT_ASSET_PATHS = "\"walking-project/Preview Content\"";
				DEVELOPMENT_TEAM = 9K9P37S856;
				ENABLE_PREVIEWS = YES;
				GENERATE_INFOPLIST_FILE = YES;
				INFOPLIST_FILE = "walking-project/Info.plist";
				INFOPLIST_KEY_NSHealthShareUsageDescription = "걸음수 데이터 측정을 의해 데이터 접근 권한이 필요합니다.";
				INFOPLIST_KEY_NSHealthUpdateUsageDescription = "걸음수 데이터 측정을 의해 데이터 접근 권한이 필요합니다.";
				INFOPLIST_KEY_UIApplicationSceneManifest_Generation = YES;
				INFOPLIST_KEY_UIApplicationSupportsIndirectInputEvents = YES;
				INFOPLIST_KEY_UILaunchScreen_Generation = YES;
				INFOPLIST_KEY_UILaunchStoryboardName = Launch_Screen.storyboard;
				INFOPLIST_KEY_UIRequiresFullScreen = YES;
				INFOPLIST_KEY_UISupportedInterfaceOrientations = UIInterfaceOrientationPortrait;
				LD_RUNPATH_SEARCH_PATHS = (
					"$(inherited)",
					"@executable_path/Frameworks",
				);
				MARKETING_VERSION = 1.0;
				PRODUCT_BUNDLE_IDENTIFIER = "com.joonoon.walking-project";
				PRODUCT_NAME = "$(TARGET_NAME)";
				SWIFT_EMIT_LOC_STRINGS = YES;
				SWIFT_VERSION = 5.0;
				TARGETED_DEVICE_FAMILY = "1,2";
			};
			name = Release;
		};
/* End XCBuildConfiguration section */

/* Begin XCConfigurationList section */
		C114416A298107CD00B3ACB5 /* Build configuration list for PBXProject "walking-project" */ = {
			isa = XCConfigurationList;
			buildConfigurations = (
				C1144180298107CF00B3ACB5 /* Debug */,
				C1144181298107CF00B3ACB5 /* Release */,
			);
			defaultConfigurationIsVisible = 0;
			defaultConfigurationName = Release;
		};
		C1144182298107CF00B3ACB5 /* Build configuration list for PBXNativeTarget "walking-project" */ = {
			isa = XCConfigurationList;
			buildConfigurations = (
				C1144183298107CF00B3ACB5 /* Debug */,
				C1144184298107CF00B3ACB5 /* Release */,
			);
			defaultConfigurationIsVisible = 0;
			defaultConfigurationName = Release;
		};
/* End XCConfigurationList section */

/* Begin XCRemoteSwiftPackageReference section */
		C12D571029B871B200ADE5F9 /* XCRemoteSwiftPackageReference "kakao-ios-sdk" */ = {
			isa = XCRemoteSwiftPackageReference;
			repositoryURL = "https://github.com/kakao/kakao-ios-sdk";
			requirement = {
				branch = master;
				kind = branch;
			};
		};
/* End XCRemoteSwiftPackageReference section */

/* Begin XCSwiftPackageProductDependency section */
		C10E0FAB29B87EED00496938 /* KakaoSDKTalk */ = {
			isa = XCSwiftPackageProductDependency;
			package = C12D571029B871B200ADE5F9 /* XCRemoteSwiftPackageReference "kakao-ios-sdk" */;
			productName = KakaoSDKTalk;
		};
		C12D571129B871B200ADE5F9 /* KakaoSDK */ = {
			isa = XCSwiftPackageProductDependency;
			package = C12D571029B871B200ADE5F9 /* XCRemoteSwiftPackageReference "kakao-ios-sdk" */;
			productName = KakaoSDK;
		};
		C12D571329B871B200ADE5F9 /* KakaoSDKAuth */ = {
			isa = XCSwiftPackageProductDependency;
			package = C12D571029B871B200ADE5F9 /* XCRemoteSwiftPackageReference "kakao-ios-sdk" */;
			productName = KakaoSDKAuth;
		};
		C12D571529B871B200ADE5F9 /* KakaoSDKCommon */ = {
			isa = XCSwiftPackageProductDependency;
			package = C12D571029B871B200ADE5F9 /* XCRemoteSwiftPackageReference "kakao-ios-sdk" */;
			productName = KakaoSDKCommon;
		};
		C12D571729B871B200ADE5F9 /* KakaoSDKUser */ = {
			isa = XCSwiftPackageProductDependency;
			package = C12D571029B871B200ADE5F9 /* XCRemoteSwiftPackageReference "kakao-ios-sdk" */;
			productName = KakaoSDKUser;
		};
/* End XCSwiftPackageProductDependency section */

/* Begin XCVersionGroup section */
		C114417D298107CF00B3ACB5 /* walking_project.xcdatamodeld */ = {
			isa = XCVersionGroup;
			children = (
				C114417E298107CF00B3ACB5 /* walking_project.xcdatamodel */,
			);
			currentVersion = C114417E298107CF00B3ACB5 /* walking_project.xcdatamodel */;
			path = walking_project.xcdatamodeld;
			sourceTree = "<group>";
			versionGroupType = wrapper.xcdatamodel;
		};
/* End XCVersionGroup section */
	};
	rootObject = C1144167298107CD00B3ACB5 /* Project object */;
}
